
Microsoft Visual Studio Solution File, Format Version 12.00
# Visual Studio Version 16
VisualStudioVersion = 16.0.29519.87
MinimumVisualStudioVersion = 10.0.40219.1
Project("{FAE04EC0-301F-11D3-BF4B-00C04F79EFBC}") = "GameRunningCube", "GameRunningCube\GameRunningCube.csproj", "{F7AE60CC-2439-4032-812B-865CBD4A94DB}"
EndProject
Project("{FAE04EC0-301F-11D3-BF4B-00C04F79EFBC}") = "Main", "Main\Main.csproj", "{C7563E99-833A-486F-B892-A284F109182A}"
EndProject
Project("{FAE04EC0-301F-11D3-BF4B-00C04F79EFBC}") = "HelpersGRC", "HelpersGRC\HelpersGRC.csproj", "{DC97CEAD-C885-4749-AE81-542FAECB314F}"
EndProject
Project("{FAE04EC0-301F-11D3-BF4B-00C04F79EFBC}") = "RunningCubeTest", "RunningCubeTest\RunningCubeTest.csproj", "{AA2FB567-333D-414D-81AF-C9943376761F}"
EndProject
Project("{2150E333-8FDC-42A3-9474-1A3956D46DE8}") = "Solution Items", "Solution Items", "{3F033F3C-17EF-4779-B02D-E92E62E1899A}"
	ProjectSection(SolutionItems) = preProject
		Readme.txt = Readme.txt
	EndProjectSection
EndProject
Global
	GlobalSection(SolutionConfigurationPlatforms) = preSolution
		Debug|Any CPU = Debug|Any CPU
		Debug|x86 = Debug|x86
		Release|Any CPU = Release|Any CPU
		Release|x86 = Release|x86
	EndGlobalSection
	GlobalSection(ProjectConfigurationPlatforms) = postSolution
		{F7AE60CC-2439-4032-812B-865CBD4A94DB}.Debug|Any CPU.ActiveCfg = Debug|x86
		{F7AE60CC-2439-4032-812B-865CBD4A94DB}.Debug|Any CPU.Build.0 = Debug|x86
		{F7AE60CC-2439-4032-812B-865CBD4A94DB}.Debug|x86.ActiveCfg = Debug|x86
		{F7AE60CC-2439-4032-812B-865CBD4A94DB}.Debug|x86.Build.0 = Debug|x86
		{F7AE60CC-2439-4032-812B-865CBD4A94DB}.Release|Any CPU.ActiveCfg = Release|x86
		{F7AE60CC-2439-4032-812B-865CBD4A94DB}.Release|Any CPU.Build.0 = Release|x86
		{F7AE60CC-2439-4032-812B-865CBD4A94DB}.Release|x86.ActiveCfg = Release|x86
		{F7AE60CC-2439-4032-812B-865CBD4A94DB}.Release|x86.Build.0 = Release|x86
		{C7563E99-833A-486F-B892-A284F109182A}.Debug|Any CPU.ActiveCfg = Debug|Any CPU
		{C7563E99-833A-486F-B892-A284F109182A}.Debug|Any CPU.Build.0 = Debug|Any CPU
		{C7563E99-833A-486F-B892-A284F109182A}.Debug|x86.ActiveCfg = Debug|Any CPU
		{C7563E99-833A-486F-B892-A284F109182A}.Debug|x86.Build.0 = Debug|Any CPU
		{C7563E99-833A-486F-B892-A284F109182A}.Release|Any CPU.ActiveCfg = Release|Any CPU
		{C7563E99-833A-486F-B892-A284F109182A}.Release|Any CPU.Build.0 = Release|Any CPU
		{C7563E99-833A-486F-B892-A284F109182A}.Release|x86.ActiveCfg = Release|Any CPU
		{C7563E99-833A-486F-B892-A284F109182A}.Release|x86.Build.0 = Release|Any CPU
		{DC97CEAD-C885-4749-AE81-542FAECB314F}.Debug|Any CPU.ActiveCfg = Debug|Any CPU
		{DC97CEAD-C885-4749-AE81-542FAECB314F}.Debug|Any CPU.Build.0 = Debug|Any CPU
		{DC97CEAD-C885-4749-AE81-542FAECB314F}.Debug|x86.ActiveCfg = Debug|Any CPU
		{DC97CEAD-C885-4749-AE81-542FAECB314F}.Debug|x86.Build.0 = Debug|Any CPU
		{DC97CEAD-C885-4749-AE81-542FAECB314F}.Release|Any CPU.ActiveCfg = Release|Any CPU
		{DC97CEAD-C885-4749-AE81-542FAECB314F}.Release|Any CPU.Build.0 = Release|Any CPU
		{DC97CEAD-C885-4749-AE81-542FAECB314F}.Release|x86.ActiveCfg = Release|Any CPU
		{DC97CEAD-C885-4749-AE81-542FAECB314F}.Release|x86.Build.0 = Release|Any CPU
		{AA2FB567-333D-414D-81AF-C9943376761F}.Debug|Any CPU.ActiveCfg = Debug|Any CPU
		{AA2FB567-333D-414D-81AF-C9943376761F}.Debug|Any CPU.Build.0 = Debug|Any CPU
		{AA2FB567-333D-414D-81AF-C9943376761F}.Debug|x86.ActiveCfg = Debug|Any CPU
		{AA2FB567-333D-414D-81AF-C9943376761F}.Debug|x86.Build.0 = Debug|Any CPU
		{AA2FB567-333D-414D-81AF-C9943376761F}.Release|Any CPU.ActiveCfg = Release|Any CPU
		{AA2FB567-333D-414D-81AF-C9943376761F}.Release|Any CPU.Build.0 = Release|Any CPU
		{AA2FB567-333D-414D-81AF-C9943376761F}.Release|x86.ActiveCfg = Release|Any CPU
		{AA2FB567-333D-414D-81AF-C9943376761F}.Release|x86.Build.0 = Release|Any CPU
	EndGlobalSection
	GlobalSection(SolutionProperties) = preSolution
		HideSolutionNode = FALSE
	EndGlobalSection
	GlobalSection(ExtensibilityGlobals) = postSolution
		SolutionGuid = {DBD6CDBF-730C-4293-A0B8-041BDBC92B21}
	EndGlobalSection
EndGlobal
